// !$*UTF8*$!
{
	archiveVersion = 1;
	classes = {
	};
	objectVersion = 46;
	objects = {

/* Begin PBXBuildFile section */
		1FE682171AFD9FE8005F48ED /* main.m in Sources */ = {isa = PBXBuildFile; fileRef = 1FE682161AFD9FE8005F48ED /* main.m */; };
		1FE6821A1AFD9FE8005F48ED /* AppDelegate.m in Sources */ = {isa = PBXBuildFile; fileRef = 1FE682191AFD9FE8005F48ED /* AppDelegate.m */; };
		1FE6821D1AFD9FE8005F48ED /* ViewController.m in Sources */ = {isa = PBXBuildFile; fileRef = 1FE6821C1AFD9FE8005F48ED /* ViewController.m */; };
		1FE682201AFD9FE8005F48ED /* Main.storyboard in Resources */ = {isa = PBXBuildFile; fileRef = 1FE6821E1AFD9FE8005F48ED /* Main.storyboard */; };
		1FE682221AFD9FE8005F48ED /* Images.xcassets in Resources */ = {isa = PBXBuildFile; fileRef = 1FE682211AFD9FE8005F48ED /* Images.xcassets */; };
		1FE682251AFD9FE8005F48ED /* LaunchScreen.xib in Resources */ = {isa = PBXBuildFile; fileRef = 1FE682231AFD9FE8005F48ED /* LaunchScreen.xib */; };
		1FE682311AFD9FE8005F48ED /* TestAppDelegateTests.m in Sources */ = {isa = PBXBuildFile; fileRef = 1FE682301AFD9FE8005F48ED /* TestAppDelegateTests.m */; };
		1FE6823D1AFDA0F1005F48ED /* AppDelegate+Testing.m in Sources */ = {isa = PBXBuildFile; fileRef = 1FE6823B1AFDA017005F48ED /* AppDelegate+Testing.m */; };
/* End PBXBuildFile section */

/* Begin PBXContainerItemProxy section */
		1FE6822B1AFD9FE8005F48ED /* PBXContainerItemProxy */ = {
			isa = PBXContainerItemProxy;
			containerPortal = 1FE682091AFD9FE8005F48ED /* Project object */;
			proxyType = 1;
			remoteGlobalIDString = 1FE682101AFD9FE8005F48ED;
			remoteInfo = TestAppDelegate;
		};
/* End PBXContainerItemProxy section */

/* Begin PBXFileReference section */
		1FE682111AFD9FE8005F48ED /* TestAppDelegate.app */ = {isa = PBXFileReference; explicitFileType = wrapper.application; includeInIndex = 0; path = TestAppDelegate.app; sourceTree = BUILT_PRODUCTS_DIR; };
		1FE682151AFD9FE8005F48ED /* Info.plist */ = {isa = PBXFileReference; lastKnownFileType = text.plist.xml; path = Info.plist; sourceTree = "<group>"; };
		1FE682161AFD9FE8005F48ED /* main.m */ = {isa = PBXFileReference; lastKnownFileType = sourcecode.c.objc; path = main.m; sourceTree = "<group>"; };
		1FE682181AFD9FE8005F48ED /* AppDelegate.h */ = {isa = PBXFileReference; lastKnownFileType = sourcecode.c.h; path = AppDelegate.h; sourceTree = "<group>"; };
		1FE682191AFD9FE8005F48ED /* AppDelegate.m */ = {isa = PBXFileReference; lastKnownFileType = sourcecode.c.objc; path = AppDelegate.m; sourceTree = "<group>"; };
		1FE6821B1AFD9FE8005F48ED /* ViewController.h */ = {isa = PBXFileReference; lastKnownFileType = sourcecode.c.h; path = ViewController.h; sourceTree = "<group>"; };
		1FE6821C1AFD9FE8005F48ED /* ViewController.m */ = {isa = PBXFileReference; lastKnownFileType = sourcecode.c.objc; path = ViewController.m; sourceTree = "<group>"; };
		1FE6821F1AFD9FE8005F48ED /* Base */ = {isa = PBXFileReference; lastKnownFileType = file.storyboard; name = Base; path = Base.lproj/Main.storyboard; sourceTree = "<group>"; };
		1FE682211AFD9FE8005F48ED /* Images.xcassets */ = {isa = PBXFileReference; lastKnownFileType = folder.assetcatalog; path = Images.xcassets; sourceTree = "<group>"; };
		1FE682241AFD9FE8005F48ED /* Base */ = {isa = PBXFileReference; lastKnownFileType = file.xib; name = Base; path = Base.lproj/LaunchScreen.xib; sourceTree = "<group>"; };
		1FE6822A1AFD9FE8005F48ED /* TestAppDelegateTests.xctest */ = {isa = PBXFileReference; explicitFileType = wrapper.cfbundle; includeInIndex = 0; path = TestAppDelegateTests.xctest; sourceTree = BUILT_PRODUCTS_DIR; };
		1FE6822F1AFD9FE8005F48ED /* Info.plist */ = {isa = PBXFileReference; lastKnownFileType = text.plist.xml; path = Info.plist; sourceTree = "<group>"; };
		1FE682301AFD9FE8005F48ED /* TestAppDelegateTests.m */ = {isa = PBXFileReference; lastKnownFileType = sourcecode.c.objc; path = TestAppDelegateTests.m; sourceTree = "<group>"; };
		1FE6823A1AFDA017005F48ED /* AppDelegate+Testing.h */ = {isa = PBXFileReference; fileEncoding = 4; lastKnownFileType = sourcecode.c.h; path = "AppDelegate+Testing.h"; sourceTree = "<group>"; };
		1FE6823B1AFDA017005F48ED /* AppDelegate+Testing.m */ = {isa = PBXFileReference; fileEncoding = 4; lastKnownFileType = sourcecode.c.objc; path = "AppDelegate+Testing.m"; sourceTree = "<group>"; };
/* End PBXFileReference section */

/* Begin PBXFrameworksBuildPhase section */
		1FE6820E1AFD9FE8005F48ED /* Frameworks */ = {
			isa = PBXFrameworksBuildPhase;
			buildActionMask = 2147483647;
			files = (
			);
			runOnlyForDeploymentPostprocessing = 0;
		};
		1FE682271AFD9FE8005F48ED /* Frameworks */ = {
			isa = PBXFrameworksBuildPhase;
			buildActionMask = 2147483647;
			files = (
			);
			runOnlyForDeploymentPostprocessing = 0;
		};
/* End PBXFrameworksBuildPhase section */

/* Begin PBXGroup section */
		1FE682081AFD9FE8005F48ED = {
			isa = PBXGroup;
			children = (
				1FE682131AFD9FE8005F48ED /* TestAppDelegate */,
				1FE6822D1AFD9FE8005F48ED /* TestAppDelegateTests */,
				1FE682121AFD9FE8005F48ED /* Products */,
			);
			sourceTree = "<group>";
		};
		1FE682121AFD9FE8005F48ED /* Products */ = {
			isa = PBXGroup;
			children = (
				1FE682111AFD9FE8005F48ED /* TestAppDelegate.app */,
				1FE6822A1AFD9FE8005F48ED /* TestAppDelegateTests.xctest */,
			);
			name = Products;
			sourceTree = "<group>";
		};
		1FE682131AFD9FE8005F48ED /* TestAppDelegate */ = {
			isa = PBXGroup;
			children = (
				1FE682181AFD9FE8005F48ED /* AppDelegate.h */,
				1FE682191AFD9FE8005F48ED /* AppDelegate.m */,
				1FE6821B1AFD9FE8005F48ED /* ViewController.h */,
				1FE6821C1AFD9FE8005F48ED /* ViewController.m */,
				1FE6821E1AFD9FE8005F48ED /* Main.storyboard */,
				1FE682211AFD9FE8005F48ED /* Images.xcassets */,
				1FE682231AFD9FE8005F48ED /* LaunchScreen.xib */,
				1FE682141AFD9FE8005F48ED /* Supporting Files */,
				1FE6823A1AFDA017005F48ED /* AppDelegate+Testing.h */,
				1FE6823B1AFDA017005F48ED /* AppDelegate+Testing.m */,
			);
			path = TestAppDelegate;
			sourceTree = "<group>";
		};
		1FE682141AFD9FE8005F48ED /* Supporting Files */ = {
			isa = PBXGroup;
			children = (
				1FE682151AFD9FE8005F48ED /* Info.plist */,
				1FE682161AFD9FE8005F48ED /* main.m */,
			);
			name = "Supporting Files";
			sourceTree = "<group>";
		};
		1FE6822D1AFD9FE8005F48ED /* TestAppDelegateTests */ = {
			isa = PBXGroup;
			children = (
				1FE682301AFD9FE8005F48ED /* TestAppDelegateTests.m */,
				1FE6822E1AFD9FE8005F48ED /* Supporting Files */,
			);
			path = TestAppDelegateTests;
			sourceTree = "<group>";
		};
		1FE6822E1AFD9FE8005F48ED /* Supporting Files */ = {
			isa = PBXGroup;
			children = (
				1FE6822F1AFD9FE8005F48ED /* Info.plist */,
			);
			name = "Supporting Files";
			sourceTree = "<group>";
		};
/* End PBXGroup section */

/* Begin PBXNativeTarget section */
		1FE682101AFD9FE8005F48ED /* TestAppDelegate */ = {
			isa = PBXNativeTarget;
			buildConfigurationList = 1FE682341AFD9FE8005F48ED /* Build configuration list for PBXNativeTarget "TestAppDelegate" */;
			buildPhases = (
				1FE6820D1AFD9FE8005F48ED /* Sources */,
				1FE6820E1AFD9FE8005F48ED /* Frameworks */,
				1FE6820F1AFD9FE8005F48ED /* Resources */,
			);
			buildRules = (
			);
			dependencies = (
			);
			name = TestAppDelegate;
			productName = TestAppDelegate;
			productReference = 1FE682111AFD9FE8005F48ED /* TestAppDelegate.app */;
			productType = "com.apple.product-type.application";
		};
		1FE682291AFD9FE8005F48ED /* TestAppDelegateTests */ = {
			isa = PBXNativeTarget;
			buildConfigurationList = 1FE682371AFD9FE8005F48ED /* Build configuration list for PBXNativeTarget "TestAppDelegateTests" */;
			buildPhases = (
				1FE682261AFD9FE8005F48ED /* Sources */,
				1FE682271AFD9FE8005F48ED /* Frameworks */,
				1FE682281AFD9FE8005F48ED /* Resources */,
			);
			buildRules = (
			);
			dependencies = (
				1FE6822C1AFD9FE8005F48ED /* PBXTargetDependency */,
			);
			name = TestAppDelegateTests;
			productName = TestAppDelegateTests;
			productReference = 1FE6822A1AFD9FE8005F48ED /* TestAppDelegateTests.xctest */;
			productType = "com.apple.product-type.bundle.unit-test";
		};
/* End PBXNativeTarget section */

/* Begin PBXProject section */
		1FE682091AFD9FE8005F48ED /* Project object */ = {
			isa = PBXProject;
			attributes = {
				LastUpgradeCheck = 0630;
				ORGANIZATIONNAME = Indexoutofbounds;
				TargetAttributes = {
					1FE682101AFD9FE8005F48ED = {
						CreatedOnToolsVersion = 6.3.1;
					};
					1FE682291AFD9FE8005F48ED = {
						CreatedOnToolsVersion = 6.3.1;
						TestTargetID = 1FE682101AFD9FE8005F48ED;
					};
				};
			};
			buildConfigurationList = 1FE6820C1AFD9FE8005F48ED /* Build configuration list for PBXProject "TestAppDelegate" */;
			compatibilityVersion = "Xcode 3.2";
			developmentRegion = English;
			hasScannedForEncodings = 0;
			knownRegions = (
				en,
				Base,
			);
			mainGroup = 1FE682081AFD9FE8005F48ED;
			productRefGroup = 1FE682121AFD9FE8005F48ED /* Products */;
			projectDirPath = "";
			projectRoot = "";
			targets = (
				1FE682101AFD9FE8005F48ED /* TestAppDelegate */,
				1FE682291AFD9FE8005F48ED /* TestAppDelegateTests */,
			);
		};
/* End PBXProject section */

/* Begin PBXResourcesBuildPhase section */
		1FE6820F1AFD9FE8005F48ED /* Resources */ = {
			isa = PBXResourcesBuildPhase;
			buildActionMask = 2147483647;
			files = (
				1FE682201AFD9FE8005F48ED /* Main.storyboard in Resources */,
				1FE682251AFD9FE8005F48ED /* LaunchScreen.xib in Resources */,
				1FE682221AFD9FE8005F48ED /* Images.xcassets in Resources */,
			);
			runOnlyForDeploymentPostprocessing = 0;
		};
		1FE682281AFD9FE8005F48ED /* Resources */ = {
			isa = PBXResourcesBuildPhase;
			buildActionMask = 2147483647;
			files = (
			);
			runOnlyForDeploymentPostprocessing = 0;
		};
/* End PBXResourcesBuildPhase section */

/* Begin PBXSourcesBuildPhase section */
		1FE6820D1AFD9FE8005F48ED /* Sources */ = {
			isa = PBXSourcesBuildPhase;
			buildActionMask = 2147483647;
			files = (
				1FE6821D1AFD9FE8005F48ED /* ViewController.m in Sources */,
				1FE6821A1AFD9FE8005F48ED /* AppDelegate.m in Sources */,
				1FE682171AFD9FE8005F48ED /* main.m in Sources */,
			);
			runOnlyForDeploymentPostprocessing = 0;
		};
		1FE682261AFD9FE8005F48ED /* Sources */ = {
			isa = PBXSourcesBuildPhase;
			buildActionMask = 2147483647;
			files = (
				1FE682311AFD9FE8005F48ED /* TestAppDelegateTests.m in Sources */,
				1FE6823D1AFDA0F1005F48ED /* AppDelegate+Testing.m in Sources */,
			);
			runOnlyForDeploymentPostprocessing = 0;
		};
/* End PBXSourcesBuildPhase section */

/* Begin PBXTargetDependency section */
		1FE6822C1AFD9FE8005F48ED /* PBXTargetDependency */ = {
			isa = PBXTargetDependency;
			target = 1FE682101AFD9FE8005F48ED /* TestAppDelegate */;
			targetProxy = 1FE6822B1AFD9FE8005F48ED /* PBXContainerItemProxy */;
		};
/* End PBXTargetDependency section */

/* Begin PBXVariantGroup section */
		1FE6821E1AFD9FE8005F48ED /* Main.storyboard */ = {
			isa = PBXVariantGroup;
			children = (
				1FE6821F1AFD9FE8005F48ED /* Base */,
			);
			name = Main.storyboard;
			sourceTree = "<group>";
		};
		1FE682231AFD9FE8005F48ED /* LaunchScreen.xib */ = {
			isa = PBXVariantGroup;
			children = (
				1FE682241AFD9FE8005F48ED /* Base */,
			);
			name = LaunchScreen.xib;
			sourceTree = "<group>";
		};
/* End PBXVariantGroup section */

/* Begin XCBuildConfiguration section */
		1FE682321AFD9FE8005F48ED /* Debug */ = {
			isa = XCBuildConfiguration;
			buildSettings = {
				ALWAYS_SEARCH_USER_PATHS = NO;
				CLANG_CXX_LANGUAGE_STANDARD = "gnu++0x";
				CLANG_CXX_LIBRARY = "libc++";
				CLANG_ENABLE_MODULES = YES;
				CLANG_ENABLE_OBJC_ARC = YES;
				CLANG_WARN_BOOL_CONVERSION = YES;
				CLANG_WARN_CONSTANT_CONVERSION = YES;
				CLANG_WARN_DIRECT_OBJC_ISA_USAGE = YES_ERROR;
				CLANG_WARN_EMPTY_BODY = YES;
				CLANG_WARN_ENUM_CONVERSION = YES;
				CLANG_WARN_INT_CONVERSION = YES;
				CLANG_WARN_OBJC_ROOT_CLASS = YES_ERROR;
				CLANG_WARN_UNREACHABLE_CODE = YES;
				CLANG_WARN__DUPLICATE_METHOD_MATCH = YES;
				"CODE_SIGN_IDENTITY[sdk=iphoneos*]" = "iPhone Developer";
				COPY_PHASE_STRIP = NO;
				DEBUG_INFORMATION_FORMAT = "dwarf-with-dsym";
				ENABLE_STRICT_OBJC_MSGSEND = YES;
				GCC_C_LANGUAGE_STANDARD = gnu99;
				GCC_DYNAMIC_NO_PIC = NO;
				GCC_NO_COMMON_BLOCKS = YES;
				GCC_OPTIMIZATION_LEVEL = 0;
				GCC_PREPROCESSOR_DEFINITIONS = (
					"DEBUG=1",
					"$(inherited)",
				);
				GCC_SYMBOLS_PRIVATE_EXTERN = NO;
				GCC_WARN_64_TO_32_BIT_CONVERSION = YES;
				GCC_WARN_ABOUT_RETURN_TYPE = YES_ERROR;
				GCC_WARN_UNDECLARED_SELECTOR = YES;
				GCC_WARN_UNINITIALIZED_AUTOS = YES_AGGRESSIVE;
				GCC_WARN_UNUSED_FUNCTION = YES;
				GCC_WARN_UNUSED_VARIABLE = YES;
				IPHONEOS_DEPLOYMENT_TARGET = 8.3;
				MTL_ENABLE_DEBUG_INFO = YES;
				ONLY_ACTIVE_ARCH = YES;
				SDKROOT = iphoneos;
				TARGETED_DEVICE_FAMILY = "1,2";
			};
			name = Debug;
		};
		1FE682331AFD9FE8005F48ED /* Release */ = {
			isa = XCBuildConfiguration;
			buildSettings = {
				ALWAYS_SEARCH_USER_PATHS = NO;
				CLANG_CXX_LANGUAGE_STANDARD = "gnu++0x";
				CLANG_CXX_LIBRARY = "libc++";
				CLANG_ENABLE_MODULES = YES;
				CLANG_ENABLE_OBJC_ARC = YES;
				CLANG_WARN_BOOL_CONVERSION = YES;
				CLANG_WARN_CONSTANT_CONVERSION = YES;
				CLANG_WARN_DIRECT_OBJC_ISA_USAGE = YES_ERROR;
				CLANG_WARN_EMPTY_BODY = YES;
				CLANG_WARN_ENUM_CONVERSION = YES;
				CLANG_WARN_INT_CONVERSION = YES;
				CLANG_WARN_OBJC_ROOT_CLASS = YES_ERROR;
				CLANG_WARN_UNREACHABLE_CODE = YES;
				CLANG_WARN__DUPLICATE_METHOD_MATCH = YES;
				"CODE_SIGN_IDENTITY[sdk=iphoneos*]" = "iPhone Developer";
				COPY_PHASE_STRIP = NO;
				DEBUG_INFORMATION_FORMAT = "dwarf-with-dsym";
				ENABLE_NS_ASSERTIONS = NO;
				ENABLE_STRICT_OBJC_MSGSEND = YES;
				GCC_C_LANGUAGE_STANDARD = gnu99;
				GCC_NO_COMMON_BLOCKS = YES;
				GCC_WARN_64_TO_32_BIT_CONVERSION = YES;
				GCC_WARN_ABOUT_RETURN_TYPE = YES_ERROR;
				GCC_WARN_UNDECLARED_SELECTOR = YES;
				GCC_WARN_UNINITIALIZED_AUTOS = YES_AGGRESSIVE;
				GCC_WARN_UNUSED_FUNCTION = YES;
				GCC_WARN_UNUSED_VARIABLE = YES;
				IPHONEOS_DEPLOYMENT_TARGET = 8.3;
				MTL_ENABLE_DEBUG_INFO = NO;
				SDKROOT = iphoneos;
				TARGETED_DEVICE_FAMILY = "1,2";
				VALIDATE_PRODUCT = YES;
			};
			name = Release;
		};
		1FE682351AFD9FE8005F48ED /* Debug */ = {
			isa = XCBuildConfiguration;
			buildSettings = {
				ASSETCATALOG_COMPILER_APPICON_NAME = AppIcon;
				INFOPLIST_FILE = TestAppDelegate/Info.plist;
				LD_RUNPATH_SEARCH_PATHS = "$(inherited) @executable_path/Frameworks";
				PRODUCT_NAME = "$(TARGET_NAME)";
			};
			name = Debug;
		};
		1FE682361AFD9FE8005F48ED /* Release */ = {
			isa = XCBuildConfiguration;
			buildSettings = {
				ASSETCATALOG_COMPILER_APPICON_NAME = AppIcon;
				INFOPLIST_FILE = TestAppDelegate/Info.plist;
				LD_RUNPATH_SEARCH_PATHS = "$(inherited) @executable_path/Frameworks";
				PRODUCT_NAME = "$(TARGET_NAME)";
			};
			name = Release;
		};
		1FE682381AFD9FE8005F48ED /* Debug */ = {
			isa = XCBuildConfiguration;
			buildSettings = {
				BUNDLE_LOADER = "$(TEST_HOST)";
				FRAMEWORK_SEARCH_PATHS = (
					"$(SDKROOT)/Developer/Library/Frameworks",
					"$(inherited)",
				);
				GCC_PREPROCESSOR_DEFINITIONS = (
					"DEBUG=1",
					"$(inherited)",
				);
				INFOPLIST_FILE = TestAppDelegateTests/Info.plist;
				LD_RUNPATH_SEARCH_PATHS = "$(inherited) @executable_path/Frameworks @loader_path/Frameworks";
				PRODUCT_NAME = "$(TARGET_NAME)";
				TEST_HOST = "$(BUILT_PRODUCTS_DIR)/TestAppDelegate.app/TestAppDelegate";
			};
			name = Debug;
		};
		1FE682391AFD9FE8005F48ED /* Release */ = {
			isa = XCBuildConfiguration;
			buildSettings = {
				BUNDLE_LOADER = "$(TEST_HOST)";
				FRAMEWORK_SEARCH_PATHS = (
					"$(SDKROOT)/Developer/Library/Frameworks",
					"$(inherited)",
				);
				INFOPLIST_FILE = TestAppDelegateTests/Info.plist;
				LD_RUNPATH_SEARCH_PATHS = "$(inherited) @executable_path/Frameworks @loader_path/Frameworks";
				PRODUCT_NAME = "$(TARGET_NAME)";
				TEST_HOST = "$(BUILT_PRODUCTS_DIR)/TestAppDelegate.app/TestAppDelegate";
			};
			name = Release;
		};
/* End XCBuildConfiguration section */

/* Begin XCConfigurationList section */
		1FE6820C1AFD9FE8005F48ED /* Build configuration list for PBXProject "TestAppDelegate" */ = {
			isa = XCConfigurationList;
			buildConfigurations = (
				1FE682321AFD9FE8005F48ED /* Debug */,
				1FE682331AFD9FE8005F48ED /* Release */,
			);
			defaultConfigurationIsVisible = 0;
			defaultConfigurationName = Release;
		};
		1FE682341AFD9FE8005F48ED /* Build configuration list for PBXNativeTarget "TestAppDelegate" */ = {
			isa = XCConfigurationList;
			buildConfigurations = (
				1FE682351AFD9FE8005F48ED /* Debug */,
				1FE682361AFD9FE8005F48ED /* Release */,
			);
			defaultConfigurationIsVisible = 0;
		};
		1FE682371AFD9FE8005F48ED /* Build configuration list for PBXNativeTarget "TestAppDelegateTests" */ = {
			isa = XCConfigurationList;
			buildConfigurations = (
				1FE682381AFD9FE8005F48ED /* Debug */,
				1FE682391AFD9FE8005F48ED /* Release */,
			);
			defaultConfigurationIsVisible = 0;
		};
/* End XCConfigurationList section */
	};
	rootObject = 1FE682091AFD9FE8005F48ED /* Project object */;
}
